// !$*UTF8*$!
{
	archiveVersion = 1;
	classes = {
	};
	objectVersion = 77;
	objects = {

/* Begin PBXBuildFile section */
		C4BF551F2D95E97100F91DA4 /* CountryPicker in Frameworks */ = {isa = PBXBuildFile; productRef = C4BF551E2D95E97100F91DA4 /* CountryPicker */; };
		C4CC83022E579B7C00602C42 /* SDWebImageSwiftUI in Frameworks */ = {isa = PBXBuildFile; productRef = C4CC83012E579B7C00602C42 /* SDWebImageSwiftUI */; };
/* End PBXBuildFile section */

/* Begin PBXContainerItemProxy section */
		C4CF54FC2D91976800A22244 /* PBXContainerItemProxy */ = {
			isa = PBXContainerItemProxy;
			containerPortal = C4CF54E32D91976700A22244 /* Project object */;
			proxyType = 1;
			remoteGlobalIDString = C4CF54EA2D91976700A22244;
			remoteInfo = GroceryGo;
		};
		C4CF55062D91976800A22244 /* PBXContainerItemProxy */ = {
			isa = PBXContainerItemProxy;
			containerPortal = C4CF54E32D91976700A22244 /* Project object */;
			proxyType = 1;
			remoteGlobalIDString = C4CF54EA2D91976700A22244;
			remoteInfo = GroceryGo;
		};
/* End PBXContainerItemProxy section */

/* Begin PBXFileReference section */
		C4CF54EB2D91976700A22244 /* GroceryGo.app */ = {isa = PBXFileReference; explicitFileType = wrapper.application; includeInIndex = 0; path = GroceryGo.app; sourceTree = BUILT_PRODUCTS_DIR; };
		C4CF54FB2D91976800A22244 /* GroceryGoTests.xctest */ = {isa = PBXFileReference; explicitFileType = wrapper.cfbundle; includeInIndex = 0; path = GroceryGoTests.xctest; sourceTree = BUILT_PRODUCTS_DIR; };
		C4CF55052D91976800A22244 /* GroceryGoUITests.xctest */ = {isa = PBXFileReference; explicitFileType = wrapper.cfbundle; includeInIndex = 0; path = GroceryGoUITests.xctest; sourceTree = BUILT_PRODUCTS_DIR; };
/* End PBXFileReference section */

/* Begin PBXFileSystemSynchronizedBuildFileExceptionSet section */
		C44333C52E783B4500ABF695 /* Exceptions for "GroceryGo" folder in "GroceryGo" target */ = {
			isa = PBXFileSystemSynchronizedBuildFileExceptionSet;
			membershipExceptions = (
				App/Info.plist,
			);
			target = C4CF54EA2D91976700A22244 /* GroceryGo */;
		};
/* End PBXFileSystemSynchronizedBuildFileExceptionSet section */

/* Begin PBXFileSystemSynchronizedRootGroup section */
		C4CF54ED2D91976700A22244 /* GroceryGo */ = {
			isa = PBXFileSystemSynchronizedRootGroup;
			exceptions = (
				C44333C52E783B4500ABF695 /* Exceptions for "GroceryGo" folder in "GroceryGo" target */,
			);
			path = GroceryGo;
			sourceTree = "<group>";
		};
		C4CF54FE2D91976800A22244 /* GroceryGoTests */ = {
			isa = PBXFileSystemSynchronizedRootGroup;
			path = GroceryGoTests;
			sourceTree = "<group>";
		};
		C4CF55082D91976800A22244 /* GroceryGoUITests */ = {
			isa = PBXFileSystemSynchronizedRootGroup;
			path = GroceryGoUITests;
			sourceTree = "<group>";
		};
/* End PBXFileSystemSynchronizedRootGroup section */

/* Begin PBXFrameworksBuildPhase section */
		C4CF54E82D91976700A22244 /* Frameworks */ = {
			isa = PBXFrameworksBuildPhase;
			buildActionMask = 2147483647;
			files = (
				C4CC83022E579B7C00602C42 /* SDWebImageSwiftUI in Frameworks */,
				C4BF551F2D95E97100F91DA4 /* CountryPicker in Frameworks */,
			);
			runOnlyForDeploymentPostprocessing = 0;
		};
		C4CF54F82D91976800A22244 /* Frameworks */ = {
			isa = PBXFrameworksBuildPhase;
			buildActionMask = 2147483647;
			files = (
			);
			runOnlyForDeploymentPostprocessing = 0;
		};
		C4CF55022D91976800A22244 /* Frameworks */ = {
			isa = PBXFrameworksBuildPhase;
			buildActionMask = 2147483647;
			files = (
			);
			runOnlyForDeploymentPostprocessing = 0;
		};
/* End PBXFrameworksBuildPhase section */

/* Begin PBXGroup section */
		C4BF551D2D95E97100F91DA4 /* Frameworks */ = {
			isa = PBXGroup;
			children = (
			);
			name = Frameworks;
			sourceTree = "<group>";
		};
		C4CF54E22D91976700A22244 = {
			isa = PBXGroup;
			children = (
				C4CF54ED2D91976700A22244 /* GroceryGo */,
				C4CF54FE2D91976800A22244 /* GroceryGoTests */,
				C4CF55082D91976800A22244 /* GroceryGoUITests */,
				C4BF551D2D95E97100F91DA4 /* Frameworks */,
				C4CF54EC2D91976700A22244 /* Products */,
			);
			sourceTree = "<group>";
		};
		C4CF54EC2D91976700A22244 /* Products */ = {
			isa = PBXGroup;
			children = (
				C4CF54EB2D91976700A22244 /* GroceryGo.app */,
				C4CF54FB2D91976800A22244 /* GroceryGoTests.xctest */,
				C4CF55052D91976800A22244 /* GroceryGoUITests.xctest */,
			);
			name = Products;
			sourceTree = "<group>";
		};
/* End PBXGroup section */

/* Begin PBXNativeTarget section */
		C4CF54EA2D91976700A22244 /* GroceryGo */ = {
			isa = PBXNativeTarget;
			buildConfigurationList = C4CF550F2D91976800A22244 /* Build configuration list for PBXNativeTarget "GroceryGo" */;
			buildPhases = (
				C4CF54E72D91976700A22244 /* Sources */,
				C4CF54E82D91976700A22244 /* Frameworks */,
				C4CF54E92D91976700A22244 /* Resources */,
			);
			buildRules = (
			);
			dependencies = (
			);
			fileSystemSynchronizedGroups = (
				C4CF54ED2D91976700A22244 /* GroceryGo */,
			);
			name = GroceryGo;
			packageProductDependencies = (
				C4BF551E2D95E97100F91DA4 /* CountryPicker */,
				C4CC83012E579B7C00602C42 /* SDWebImageSwiftUI */,
			);
			productName = GroceryGo;
			productReference = C4CF54EB2D91976700A22244 /* GroceryGo.app */;
			productType = "com.apple.product-type.application";
		};
		C4CF54FA2D91976800A22244 /* GroceryGoTests */ = {
			isa = PBXNativeTarget;
			buildConfigurationList = C4CF55122D91976800A22244 /* Build configuration list for PBXNativeTarget "GroceryGoTests" */;
			buildPhases = (
				C4CF54F72D91976800A22244 /* Sources */,
				C4CF54F82D91976800A22244 /* Frameworks */,
				C4CF54F92D91976800A22244 /* Resources */,
			);
			buildRules = (
			);
			dependencies = (
				C4CF54FD2D91976800A22244 /* PBXTargetDependency */,
			);
			fileSystemSynchronizedGroups = (
				C4CF54FE2D91976800A22244 /* GroceryGoTests */,
			);
			name = GroceryGoTests;
			packageProductDependencies = (
			);
			productName = GroceryGoTests;
			productReference = C4CF54FB2D91976800A22244 /* GroceryGoTests.xctest */;
			productType = "com.apple.product-type.bundle.unit-test";
		};
		C4CF55042D91976800A22244 /* GroceryGoUITests */ = {
			isa = PBXNativeTarget;
			buildConfigurationList = C4CF55152D91976800A22244 /* Build configuration list for PBXNativeTarget "GroceryGoUITests" */;
			buildPhases = (
				C4CF55012D91976800A22244 /* Sources */,
				C4CF55022D91976800A22244 /* Frameworks */,
				C4CF55032D91976800A22244 /* Resources */,
			);
			buildRules = (
			);
			dependencies = (
				C4CF55072D91976800A22244 /* PBXTargetDependency */,
			);
			fileSystemSynchronizedGroups = (
				C4CF55082D91976800A22244 /* GroceryGoUITests */,
			);
			name = GroceryGoUITests;
			packageProductDependencies = (
			);
			productName = GroceryGoUITests;
			productReference = C4CF55052D91976800A22244 /* GroceryGoUITests.xctest */;
			productType = "com.apple.product-type.bundle.ui-testing";
		};
/* End PBXNativeTarget section */

/* Begin PBXProject section */
		C4CF54E32D91976700A22244 /* Project object */ = {
			isa = PBXProject;
			attributes = {
				BuildIndependentTargetsInParallel = 1;
				LastSwiftUpdateCheck = 1620;
				LastUpgradeCheck = 1620;
				TargetAttributes = {
					C4CF54EA2D91976700A22244 = {
						CreatedOnToolsVersion = 16.2;
					};
					C4CF54FA2D91976800A22244 = {
						CreatedOnToolsVersion = 16.2;
						TestTargetID = C4CF54EA2D91976700A22244;
					};
					C4CF55042D91976800A22244 = {
						CreatedOnToolsVersion = 16.2;
						TestTargetID = C4CF54EA2D91976700A22244;
					};
				};
			};
			buildConfigurationList = C4CF54E62D91976700A22244 /* Build configuration list for PBXProject "GroceryGo" */;
			developmentRegion = en;
			hasScannedForEncodings = 0;
			knownRegions = (
				en,
				vi,
				Base,
			);
			mainGroup = C4CF54E22D91976700A22244;
			minimizedProjectReferenceProxies = 1;
			packageReferences = (
				C4481CB52D95E7F10078ED1B /* XCRemoteSwiftPackageReference "CountryPicker" */,
				C4CC83002E579AFF00602C42 /* XCRemoteSwiftPackageReference "SDWebImageSwiftUI" */,
			);
			preferredProjectObjectVersion = 77;
			productRefGroup = C4CF54EC2D91976700A22244 /* Products */;
			projectDirPath = "";
			projectRoot = "";
			targets = (
				C4CF54EA2D91976700A22244 /* GroceryGo */,
				C4CF54FA2D91976800A22244 /* GroceryGoTests */,
				C4CF55042D91976800A22244 /* GroceryGoUITests */,
			);
		};
/* End PBXProject section */

/* Begin PBXResourcesBuildPhase section */
		C4CF54E92D91976700A22244 /* Resources */ = {
			isa = PBXResourcesBuildPhase;
			buildActionMask = 2147483647;
			files = (
			);
			runOnlyForDeploymentPostprocessing = 0;
		};
		C4CF54F92D91976800A22244 /* Resources */ = {
			isa = PBXResourcesBuildPhase;
			buildActionMask = 2147483647;
			files = (
			);
			runOnlyForDeploymentPostprocessing = 0;
		};
		C4CF55032D91976800A22244 /* Resources */ = {
			isa = PBXResourcesBuildPhase;
			buildActionMask = 2147483647;
			files = (
			);
			runOnlyForDeploymentPostprocessing = 0;
		};
/* End PBXResourcesBuildPhase section */

/* Begin PBXSourcesBuildPhase section */
		C4CF54E72D91976700A22244 /* Sources */ = {
			isa = PBXSourcesBuildPhase;
			buildActionMask = 2147483647;
			files = (
			);
			runOnlyForDeploymentPostprocessing = 0;
		};
		C4CF54F72D91976800A22244 /* Sources */ = {
			isa = PBXSourcesBuildPhase;
			buildActionMask = 2147483647;
			files = (
			);
			runOnlyForDeploymentPostprocessing = 0;
		};
		C4CF55012D91976800A22244 /* Sources */ = {
			isa = PBXSourcesBuildPhase;
			buildActionMask = 2147483647;
			files = (
			);
			runOnlyForDeploymentPostprocessing = 0;
		};
/* End PBXSourcesBuildPhase section */

/* Begin PBXTargetDependency section */
		C4CF54FD2D91976800A22244 /* PBXTargetDependency */ = {
			isa = PBXTargetDependency;
			target = C4CF54EA2D91976700A22244 /* GroceryGo */;
			targetProxy = C4CF54FC2D91976800A22244 /* PBXContainerItemProxy */;
		};
		C4CF55072D91976800A22244 /* PBXTargetDependency */ = {
			isa = PBXTargetDependency;
			target = C4CF54EA2D91976700A22244 /* GroceryGo */;
			targetProxy = C4CF55062D91976800A22244 /* PBXContainerItemProxy */;
		};
/* End PBXTargetDependency section */

/* Begin XCBuildConfiguration section */
		C4CF550D2D91976800A22244 /* Debug */ = {
			isa = XCBuildConfiguration;
			buildSettings = {
				ALWAYS_SEARCH_USER_PATHS = NO;
				ASSETCATALOG_COMPILER_GENERATE_SWIFT_ASSET_SYMBOL_EXTENSIONS = YES;
				CLANG_ANALYZER_NONNULL = YES;
				CLANG_ANALYZER_NUMBER_OBJECT_CONVERSION = YES_AGGRESSIVE;
				CLANG_CXX_LANGUAGE_STANDARD = "gnu++20";
				CLANG_ENABLE_MODULES = YES;
				CLANG_ENABLE_OBJC_ARC = YES;
				CLANG_ENABLE_OBJC_WEAK = YES;
				CLANG_WARN_BLOCK_CAPTURE_AUTORELEASING = YES;
				CLANG_WARN_BOOL_CONVERSION = YES;
				CLANG_WARN_COMMA = YES;
				CLANG_WARN_CONSTANT_CONVERSION = YES;
				CLANG_WARN_DEPRECATED_OBJC_IMPLEMENTATIONS = YES;
				CLANG_WARN_DIRECT_OBJC_ISA_USAGE = YES_ERROR;
				CLANG_WARN_DOCUMENTATION_COMMENTS = YES;
				CLANG_WARN_EMPTY_BODY = YES;
				CLANG_WARN_ENUM_CONVERSION = YES;
				CLANG_WARN_INFINITE_RECURSION = YES;
				CLANG_WARN_INT_CONVERSION = YES;
				CLANG_WARN_NON_LITERAL_NULL_CONVERSION = YES;
				CLANG_WARN_OBJC_IMPLICIT_RETAIN_SELF = YES;
				CLANG_WARN_OBJC_LITERAL_CONVERSION = YES;
				CLANG_WARN_OBJC_ROOT_CLASS = YES_ERROR;
				CLANG_WARN_QUOTED_INCLUDE_IN_FRAMEWORK_HEADER = YES;
				CLANG_WARN_RANGE_LOOP_ANALYSIS = YES;
				CLANG_WARN_STRICT_PROTOTYPES = YES;
				CLANG_WARN_SUSPICIOUS_MOVE = YES;
				CLANG_WARN_UNGUARDED_AVAILABILITY = YES_AGGRESSIVE;
				CLANG_WARN_UNREACHABLE_CODE = YES;
				CLANG_WARN__DUPLICATE_METHOD_MATCH = YES;
				COPY_PHASE_STRIP = NO;
				DEBUG_INFORMATION_FORMAT = dwarf;
				ENABLE_STRICT_OBJC_MSGSEND = YES;
				ENABLE_TESTABILITY = YES;
				ENABLE_USER_SCRIPT_SANDBOXING = YES;
				GCC_C_LANGUAGE_STANDARD = gnu17;
				GCC_DYNAMIC_NO_PIC = NO;
				GCC_NO_COMMON_BLOCKS = YES;
				GCC_OPTIMIZATION_LEVEL = 0;
				GCC_PREPROCESSOR_DEFINITIONS = (
					"DEBUG=1",
					"$(inherited)",
				);
				GCC_WARN_64_TO_32_BIT_CONVERSION = YES;
				GCC_WARN_ABOUT_RETURN_TYPE = YES_ERROR;
				GCC_WARN_UNDECLARED_SELECTOR = YES;
				GCC_WARN_UNINITIALIZED_AUTOS = YES_AGGRESSIVE;
				GCC_WARN_UNUSED_FUNCTION = YES;
				GCC_WARN_UNUSED_VARIABLE = YES;
				INFOPLIST_FILE = "";
				IPHONEOS_DEPLOYMENT_TARGET = 18.2;
				LOCALIZATION_PREFERS_STRING_CATALOGS = YES;
				MTL_ENABLE_DEBUG_INFO = INCLUDE_SOURCE;
				MTL_FAST_MATH = YES;
				ONLY_ACTIVE_ARCH = YES;
				SDKROOT = iphoneos;
				SWIFT_ACTIVE_COMPILATION_CONDITIONS = "DEBUG $(inherited)";
				SWIFT_EMIT_LOC_STRINGS = YES;
				SWIFT_OPTIMIZATION_LEVEL = "-Onone";
			};
			name = Debug;
		};
		C4CF550E2D91976800A22244 /* Release */ = {
			isa = XCBuildConfiguration;
			buildSettings = {
				ALWAYS_SEARCH_USER_PATHS = NO;
				ASSETCATALOG_COMPILER_GENERATE_SWIFT_ASSET_SYMBOL_EXTENSIONS = YES;
				CLANG_ANALYZER_NONNULL = YES;
				CLANG_ANALYZER_NUMBER_OBJECT_CONVERSION = YES_AGGRESSIVE;
				CLANG_CXX_LANGUAGE_STANDARD = "gnu++20";
				CLANG_ENABLE_MODULES = YES;
				CLANG_ENABLE_OBJC_ARC = YES;
				CLANG_ENABLE_OBJC_WEAK = YES;
				CLANG_WARN_BLOCK_CAPTURE_AUTORELEASING = YES;
				CLANG_WARN_BOOL_CONVERSION = YES;
				CLANG_WARN_COMMA = YES;
				CLANG_WARN_CONSTANT_CONVERSION = YES;
				CLANG_WARN_DEPRECATED_OBJC_IMPLEMENTATIONS = YES;
				CLANG_WARN_DIRECT_OBJC_ISA_USAGE = YES_ERROR;
				CLANG_WARN_DOCUMENTATION_COMMENTS = YES;
				CLANG_WARN_EMPTY_BODY = YES;
				CLANG_WARN_ENUM_CONVERSION = YES;
				CLANG_WARN_INFINITE_RECURSION = YES;
				CLANG_WARN_INT_CONVERSION = YES;
				CLANG_WARN_NON_LITERAL_NULL_CONVERSION = YES;
				CLANG_WARN_OBJC_IMPLICIT_RETAIN_SELF = YES;
				CLANG_WARN_OBJC_LITERAL_CONVERSION = YES;
				CLANG_WARN_OBJC_ROOT_CLASS = YES_ERROR;
				CLANG_WARN_QUOTED_INCLUDE_IN_FRAMEWORK_HEADER = YES;
				CLANG_WARN_RANGE_LOOP_ANALYSIS = YES;
				CLANG_WARN_STRICT_PROTOTYPES = YES;
				CLANG_WARN_SUSPICIOUS_MOVE = YES;
				CLANG_WARN_UNGUARDED_AVAILABILITY = YES_AGGRESSIVE;
				CLANG_WARN_UNREACHABLE_CODE = YES;
				CLANG_WARN__DUPLICATE_METHOD_MATCH = YES;
				COPY_PHASE_STRIP = NO;
				DEBUG_INFORMATION_FORMAT = "dwarf-with-dsym";
				ENABLE_NS_ASSERTIONS = NO;
				ENABLE_STRICT_OBJC_MSGSEND = YES;
				ENABLE_USER_SCRIPT_SANDBOXING = YES;
				GCC_C_LANGUAGE_STANDARD = gnu17;
				GCC_NO_COMMON_BLOCKS = YES;
				GCC_WARN_64_TO_32_BIT_CONVERSION = YES;
				GCC_WARN_ABOUT_RETURN_TYPE = YES_ERROR;
				GCC_WARN_UNDECLARED_SELECTOR = YES;
				GCC_WARN_UNINITIALIZED_AUTOS = YES_AGGRESSIVE;
				GCC_WARN_UNUSED_FUNCTION = YES;
				GCC_WARN_UNUSED_VARIABLE = YES;
				INFOPLIST_FILE = "";
				IPHONEOS_DEPLOYMENT_TARGET = 18.2;
				LOCALIZATION_PREFERS_STRING_CATALOGS = YES;
				MTL_ENABLE_DEBUG_INFO = NO;
				MTL_FAST_MATH = YES;
				SDKROOT = iphoneos;
				SWIFT_COMPILATION_MODE = wholemodule;
				SWIFT_EMIT_LOC_STRINGS = YES;
				VALIDATE_PRODUCT = YES;
			};
			name = Release;
		};
		C4CF55102D91976800A22244 /* Debug */ = {
			isa = XCBuildConfiguration;
			buildSettings = {
				ASSETCATALOG_COMPILER_APPICON_NAME = AppIcon;
				ASSETCATALOG_COMPILER_GLOBAL_ACCENT_COLOR_NAME = AccentColor;
				CODE_SIGN_STYLE = Automatic;
				CURRENT_PROJECT_VERSION = 1;
				DEVELOPMENT_ASSET_PATHS = "\"GroceryGo/Preview Content\"";
				DEVELOPMENT_TEAM = F9LTZK48FH;
				ENABLE_PREVIEWS = YES;
				GENERATE_INFOPLIST_FILE = NO;
				INFOPLIST_FILE = GroceryGo/App/Info.plist;
				INFOPLIST_KEY_UIApplicationSceneManifest_Generation = YES;
				INFOPLIST_KEY_UIApplicationSupportsIndirectInputEvents = YES;
				INFOPLIST_KEY_UILaunchScreen_Generation = YES;
				INFOPLIST_KEY_UILaunchStoryboardName = LaunchScreen;
				INFOPLIST_KEY_UIStatusBarHidden = YES;
				INFOPLIST_KEY_UISupportedInterfaceOrientations = UIInterfaceOrientationPortrait;
				INFOPLIST_KEY_UISupportedInterfaceOrientations_iPad = "UIInterfaceOrientationLandscapeLeft UIInterfaceOrientationLandscapeRight UIInterfaceOrientationPortrait UIInterfaceOrientationPortraitUpsideDown";
				IPHONEOS_DEPLOYMENT_TARGET = 16.6;
				LD_RUNPATH_SEARCH_PATHS = (
					"$(inherited)",
					"@executable_path/Frameworks",
				);
				MARKETING_VERSION = 1.0;
				PRODUCT_BUNDLE_IDENTIFIER = N.GroceryGo;
				PRODUCT_NAME = "$(TARGET_NAME)";
				SUPPORTED_PLATFORMS = "iphoneos iphonesimulator";
				SUPPORTS_MACCATALYST = NO;
				SUPPORTS_MAC_DESIGNED_FOR_IPHONE_IPAD = NO;
				SUPPORTS_XR_DESIGNED_FOR_IPHONE_IPAD = NO;
				SWIFT_EMIT_LOC_STRINGS = YES;
				SWIFT_VERSION = 5.0;
				TARGETED_DEVICE_FAMILY = 1;
			};
			name = Debug;
		};
		C4CF55112D91976800A22244 /* Release */ = {
			isa = XCBuildConfiguration;
			buildSettings = {
				ASSETCATALOG_COMPILER_APPICON_NAME = AppIcon;
				ASSETCATALOG_COMPILER_GLOBAL_ACCENT_COLOR_NAME = AccentColor;
				CODE_SIGN_STYLE = Automatic;
				CURRENT_PROJECT_VERSION = 1;
				DEVELOPMENT_ASSET_PATHS = "\"GroceryGo/Preview Content\"";
				DEVELOPMENT_TEAM = F9LTZK48FH;
				ENABLE_PREVIEWS = YES;
				GENERATE_INFOPLIST_FILE = NO;
				INFOPLIST_FILE = GroceryGo/App/Info.plist;
				INFOPLIST_KEY_UIApplicationSceneManifest_Generation = YES;
				INFOPLIST_KEY_UIApplicationSupportsIndirectInputEvents = YES;
				INFOPLIST_KEY_UILaunchScreen_Generation = YES;
				INFOPLIST_KEY_UILaunchStoryboardName = LaunchScreen;
				INFOPLIST_KEY_UIStatusBarHidden = YES;
				INFOPLIST_KEY_UISupportedInterfaceOrientations = UIInterfaceOrientationPortrait;
				INFOPLIST_KEY_UISupportedInterfaceOrientations_iPad = "UIInterfaceOrientationLandscapeLeft UIInterfaceOrientationLandscapeRight UIInterfaceOrientationPortrait UIInterfaceOrientationPortraitUpsideDown";
				IPHONEOS_DEPLOYMENT_TARGET = 16.6;
				LD_RUNPATH_SEARCH_PATHS = (
					"$(inherited)",
					"@executable_path/Frameworks",
				);
				MARKETING_VERSION = 1.0;
				PRODUCT_BUNDLE_IDENTIFIER = N.GroceryGo;
				PRODUCT_NAME = "$(TARGET_NAME)";
				SUPPORTED_PLATFORMS = "iphoneos iphonesimulator";
				SUPPORTS_MACCATALYST = NO;
				SUPPORTS_MAC_DESIGNED_FOR_IPHONE_IPAD = NO;
				SUPPORTS_XR_DESIGNED_FOR_IPHONE_IPAD = NO;
				SWIFT_EMIT_LOC_STRINGS = YES;
				SWIFT_VERSION = 5.0;
				TARGETED_DEVICE_FAMILY = 1;
			};
			name = Release;
		};
		C4CF55132D91976800A22244 /* Debug */ = {
			isa = XCBuildConfiguration;
			buildSettings = {
				BUNDLE_LOADER = "$(TEST_HOST)";
				CODE_SIGN_STYLE = Automatic;
				CURRENT_PROJECT_VERSION = 1;
				GENERATE_INFOPLIST_FILE = YES;
				IPHONEOS_DEPLOYMENT_TARGET = 18.2;
				MARKETING_VERSION = 1.0;
				PRODUCT_BUNDLE_IDENTIFIER = N.GroceryGoTests;
				PRODUCT_NAME = "$(TARGET_NAME)";
				SWIFT_EMIT_LOC_STRINGS = NO;
				SWIFT_VERSION = 5.0;
				TARGETED_DEVICE_FAMILY = "1,2";
				TEST_HOST = "$(BUILT_PRODUCTS_DIR)/GroceryGo.app/$(BUNDLE_EXECUTABLE_FOLDER_PATH)/GroceryGo";
			};
			name = Debug;
		};
		C4CF55142D91976800A22244 /* Release */ = {
			isa = XCBuildConfiguration;
			buildSettings = {
				BUNDLE_LOADER = "$(TEST_HOST)";
				CODE_SIGN_STYLE = Automatic;
				CURRENT_PROJECT_VERSION = 1;
				GENERATE_INFOPLIST_FILE = YES;
				IPHONEOS_DEPLOYMENT_TARGET = 18.2;
				MARKETING_VERSION = 1.0;
				PRODUCT_BUNDLE_IDENTIFIER = N.GroceryGoTests;
				PRODUCT_NAME = "$(TARGET_NAME)";
				SWIFT_EMIT_LOC_STRINGS = NO;
				SWIFT_VERSION = 5.0;
				TARGETED_DEVICE_FAMILY = "1,2";
				TEST_HOST = "$(BUILT_PRODUCTS_DIR)/GroceryGo.app/$(BUNDLE_EXECUTABLE_FOLDER_PATH)/GroceryGo";
			};
			name = Release;
		};
		C4CF55162D91976800A22244 /* Debug */ = {
			isa = XCBuildConfiguration;
			buildSettings = {
				CODE_SIGN_STYLE = Automatic;
				CURRENT_PROJECT_VERSION = 1;
				GENERATE_INFOPLIST_FILE = YES;
				MARKETING_VERSION = 1.0;
				PRODUCT_BUNDLE_IDENTIFIER = N.GroceryGoUITests;
				PRODUCT_NAME = "$(TARGET_NAME)";
				SWIFT_EMIT_LOC_STRINGS = NO;
				SWIFT_VERSION = 5.0;
				TARGETED_DEVICE_FAMILY = "1,2";
				TEST_TARGET_NAME = GroceryGo;
			};
			name = Debug;
		};
		C4CF55172D91976800A22244 /* Release */ = {
			isa = XCBuildConfiguration;
			buildSettings = {
				CODE_SIGN_STYLE = Automatic;
				CURRENT_PROJECT_VERSION = 1;
				GENERATE_INFOPLIST_FILE = YES;
				MARKETING_VERSION = 1.0;
				PRODUCT_BUNDLE_IDENTIFIER = N.GroceryGoUITests;
				PRODUCT_NAME = "$(TARGET_NAME)";
				SWIFT_EMIT_LOC_STRINGS = NO;
				SWIFT_VERSION = 5.0;
				TARGETED_DEVICE_FAMILY = "1,2";
				TEST_TARGET_NAME = GroceryGo;
			};
			name = Release;
		};
/* End XCBuildConfiguration section */

/* Begin XCConfigurationList section */
		C4CF54E62D91976700A22244 /* Build configuration list for PBXProject "GroceryGo" */ = {
			isa = XCConfigurationList;
			buildConfigurations = (
				C4CF550D2D91976800A22244 /* Debug */,
				C4CF550E2D91976800A22244 /* Release */,
			);
			defaultConfigurationIsVisible = 0;
			defaultConfigurationName = Release;
		};
		C4CF550F2D91976800A22244 /* Build configuration list for PBXNativeTarget "GroceryGo" */ = {
			isa = XCConfigurationList;
			buildConfigurations = (
				C4CF55102D91976800A22244 /* Debug */,
				C4CF55112D91976800A22244 /* Release */,
			);
			defaultConfigurationIsVisible = 0;
			defaultConfigurationName = Release;
		};
		C4CF55122D91976800A22244 /* Build configuration list for PBXNativeTarget "GroceryGoTests" */ = {
			isa = XCConfigurationList;
			buildConfigurations = (
				C4CF55132D91976800A22244 /* Debug */,
				C4CF55142D91976800A22244 /* Release */,
			);
			defaultConfigurationIsVisible = 0;
			defaultConfigurationName = Release;
		};
		C4CF55152D91976800A22244 /* Build configuration list for PBXNativeTarget "GroceryGoUITests" */ = {
			isa = XCConfigurationList;
			buildConfigurations = (
				C4CF55162D91976800A22244 /* Debug */,
				C4CF55172D91976800A22244 /* Release */,
			);
			defaultConfigurationIsVisible = 0;
			defaultConfigurationName = Release;
		};
/* End XCConfigurationList section */

/* Begin XCRemoteSwiftPackageReference section */
		C4481CB52D95E7F10078ED1B /* XCRemoteSwiftPackageReference "CountryPicker" */ = {
			isa = XCRemoteSwiftPackageReference;
			repositoryURL = "https://github.com/mobven/CountryPicker.git";
			requirement = {
				kind = upToNextMajorVersion;
				minimumVersion = 2.0.3;
			};
		};
		C4CC83002E579AFF00602C42 /* XCRemoteSwiftPackageReference "SDWebImageSwiftUI" */ = {
			isa = XCRemoteSwiftPackageReference;
			repositoryURL = "https://github.com/SDWebImage/SDWebImageSwiftUI.git";
			requirement = {
				kind = upToNextMajorVersion;
				minimumVersion = 3.1.3;
			};
		};
/* End XCRemoteSwiftPackageReference section */

/* Begin XCSwiftPackageProductDependency section */
		C4BF551E2D95E97100F91DA4 /* CountryPicker */ = {
			isa = XCSwiftPackageProductDependency;
			package = C4481CB52D95E7F10078ED1B /* XCRemoteSwiftPackageReference "CountryPicker" */;
			productName = CountryPicker;
		};
		C4CC83012E579B7C00602C42 /* SDWebImageSwiftUI */ = {
			isa = XCSwiftPackageProductDependency;
			package = C4CC83002E579AFF00602C42 /* XCRemoteSwiftPackageReference "SDWebImageSwiftUI" */;
			productName = SDWebImageSwiftUI;
		};
/* End XCSwiftPackageProductDependency section */
	};
	rootObject = C4CF54E32D91976700A22244 /* Project object */;
}
